// !$*UTF8*$!
{
	archiveVersion = 1;
	classes = {
	};
	objectVersion = 48;
	objects = {

/* Begin PBXBuildFile section */
		BB67FA0C1FB7816900AD0CC4 /* 21 points.cpp in Sources */ = {isa = PBXBuildFile; fileRef = BB67FA041FB5A36D00AD0CC4 /* 21 points.cpp */; };
/* End PBXBuildFile section */

/* Begin PBXCopyFilesBuildPhase section */
		BB67F9F81FB5867100AD0CC4 /* CopyFiles */ = {
			isa = PBXCopyFilesBuildPhase;
			buildActionMask = 2147483647;
			dstPath = /usr/share/man/man1/;
			dstSubfolderSpec = 0;
			files = (
			);
			runOnlyForDeploymentPostprocessing = 1;
		};
/* End PBXCopyFilesBuildPhase section */

/* Begin PBXFileReference section */
		BB67F9FA1FB5867200AD0CC4 /* pointers */ = {isa = PBXFileReference; explicitFileType = "compiled.mach-o.executable"; includeInIndex = 0; path = pointers; sourceTree = BUILT_PRODUCTS_DIR; };
		BB67F9FD1FB5867200AD0CC4 /* main.cpp */ = {isa = PBXFileReference; lastKnownFileType = sourcecode.cpp.cpp; path = main.cpp; sourceTree = "<group>"; };
		BB67FA041FB5A36D00AD0CC4 /* 21 points.cpp */ = {isa = PBXFileReference; lastKnownFileType = sourcecode.cpp.cpp; path = "21 points.cpp"; sourceTree = "<group>"; };
		BB67FA051FB5A36D00AD0CC4 /* 21 points.hpp */ = {isa = PBXFileReference; lastKnownFileType = sourcecode.cpp.h; path = "21 points.hpp"; sourceTree = "<group>"; };
		BB67FA071FB67E0900AD0CC4 /* Test.cpp */ = {isa = PBXFileReference; lastKnownFileType = sourcecode.cpp.cpp; path = Test.cpp; sourceTree = "<group>"; };
		BB67FA081FB67E0900AD0CC4 /* Test.hpp */ = {isa = PBXFileReference; lastKnownFileType = sourcecode.cpp.h; path = Test.hpp; sourceTree = "<group>"; };
/* End PBXFileReference section */

/* Begin PBXFrameworksBuildPhase section */
		BB67F9F71FB5867100AD0CC4 /* Frameworks */ = {
			isa = PBXFrameworksBuildPhase;
			buildActionMask = 2147483647;
			files = (
			);
			runOnlyForDeploymentPostprocessing = 0;
		};
/* End PBXFrameworksBuildPhase section */

/* Begin PBXGroup section */
		BB67F9F11FB5867100AD0CC4 = {
			isa = PBXGroup;
			children = (
				BB67F9FC1FB5867200AD0CC4 /* pointers */,
				BB67F9FB1FB5867200AD0CC4 /* Products */,
			);
			sourceTree = "<group>";
		};
		BB67F9FB1FB5867200AD0CC4 /* Products */ = {
			isa = PBXGroup;
			children = (
				BB67F9FA1FB5867200AD0CC4 /* pointers */,
			);
			name = Products;
			sourceTree = "<group>";
		};
		BB67F9FC1FB5867200AD0CC4 /* pointers */ = {
			isa = PBXGroup;
			children = (
				BB67F9FD1FB5867200AD0CC4 /* main.cpp */,
				BB67FA041FB5A36D00AD0CC4 /* 21 points.cpp */,
				BB67FA071FB67E0900AD0CC4 /* Test.cpp */,
				BB67FA081FB67E0900AD0CC4 /* Test.hpp */,
				BB67FA051FB5A36D00AD0CC4 /* 21 points.hpp */,
			);
			path = pointers;
			sourceTree = "<group>";
		};
/* End PBXGroup section */

/* Begin PBXNativeTarget section */
		BB67F9F91FB5867100AD0CC4 /* pointers */ = {
			isa = PBXNativeTarget;
			buildConfigurationList = BB67FA011FB5867200AD0CC4 /* Build configuration list for PBXNativeTarget "pointers" */;
			buildPhases = (
				BB67F9F61FB5867100AD0CC4 /* Sources */,
				BB67F9F71FB5867100AD0CC4 /* Frameworks */,
				BB67F9F81FB5867100AD0CC4 /* CopyFiles */,
			);
			buildRules = (
			);
			dependencies = (
			);
			name = pointers;
			productName = pointers;
			productReference = BB67F9FA1FB5867200AD0CC4 /* pointers */;
			productType = "com.apple.product-type.tool";
		};
/* End PBXNativeTarget section */

/* Begin PBXProject section */
		BB67F9F21FB5867100AD0CC4 /* Project object */ = {
			isa = PBXProject;
			attributes = {
				LastUpgradeCheck = 0910;
				ORGANIZATIONNAME = "Jin H";
				TargetAttributes = {
					BB67F9F91FB5867100AD0CC4 = {
						CreatedOnToolsVersion = 9.1;
						ProvisioningStyle = Automatic;
					};
				};
			};
			buildConfigurationList = BB67F9F51FB5867100AD0CC4 /* Build configuration list for PBXProject "pointers" */;
			compatibilityVersion = "Xcode 8.0";
			developmentRegion = en;
			hasScannedForEncodings = 0;
			knownRegions = (
				en,
			);
			mainGroup = BB67F9F11FB5867100AD0CC4;
			productRefGroup = BB67F9FB1FB5867200AD0CC4 /* Products */;
			projectDirPath = "";
			projectRoot = "";
			targets = (
				BB67F9F91FB5867100AD0CC4 /* pointers */,
			);
		};
/* End PBXProject section */

/* Begin PBXSourcesBuildPhase section */
		BB67F9F61FB5867100AD0CC4 /* Sources */ = {
			isa = PBXSourcesBuildPhase;
			buildActionMask = 2147483647;
			files = (
				BB67FA0C1FB7816900AD0CC4 /* 21 points.cpp in Sources */,
			);
			runOnlyForDeploymentPostprocessing = 0;
		};
/* End PBXSourcesBuildPhase section */

/* Begin XCBuildConfiguration section */
		BB67F9FF1FB5867200AD0CC4 /* Debug */ = {
			isa = XCBuildConfiguration;
			buildSettings = {
				ALWAYS_SEARCH_USER_PATHS = NO;
				CLANG_ANALYZER_NONNULL = YES;
				CLANG_ANALYZER_NUMBER_OBJECT_CONVERSION = YES_AGGRESSIVE;
				CLANG_CXX_LANGUAGE_STANDARD = "gnu++14";
				CLANG_CXX_LIBRARY = "libc++";
				CLANG_ENABLE_MODULES = YES;
				CLANG_ENABLE_OBJC_ARC = YES;
				CLANG_WARN_BLOCK_CAPTURE_AUTORELEASING = YES;
				CLANG_WARN_BOOL_CONVERSION = YES;
				CLANG_WARN_COMMA = YES;
				CLANG_WARN_CONSTANT_CONVERSION = YES;
				CLANG_WARN_DIRECT_OBJC_ISA_USAGE = YES_ERROR;
				CLANG_WARN_DOCUMENTATION_COMMENTS = YES;
				CLANG_WARN_EMPTY_BODY = YES;
				CLANG_WARN_ENUM_CONVERSION = YES;
				CLANG_WARN_INFINITE_RECURSION = YES;
				CLANG_WARN_INT_CONVERSION = YES;
				CLANG_WARN_NON_LITERAL_NULL_CONVERSION = YES;
				CLANG_WARN_OBJC_LITERAL_CONVERSION = YES;
				CLANG_WARN_OBJC_ROOT_CLASS = YES_ERROR;
				CLANG_WARN_RANGE_LOOP_ANALYSIS = YES;
				CLANG_WARN_STRICT_PROTOTYPES = YES;
				CLANG_WARN_SUSPICIOUS_MOVE = YES;
				CLANG_WARN_UNGUARDED_AVAILABILITY = YES_AGGRESSIVE;
				CLANG_WARN_UNREACHABLE_CODE = YES;
				CLANG_WARN__DUPLICATE_METHOD_MATCH = YES;
				CODE_SIGN_IDENTITY = "-";
				COPY_PHASE_STRIP = NO;
				DEBUG_INFORMATION_FORMAT = dwarf;
				ENABLE_STRICT_OBJC_MSGSEND = YES;
				ENABLE_TESTABILITY = YES;
				GCC_C_LANGUAGE_STANDARD = gnu11;
				GCC_DYNAMIC_NO_PIC = NO;
				GCC_NO_COMMON_BLOCKS = YES;
				GCC_OPTIMIZATION_LEVEL = 0;
				GCC_PREPROCESSOR_DEFINITIONS = (
					"DEBUG=1",
					"$(inherited)",
				);
				GCC_WARN_64_TO_32_BIT_CONVERSION = YES;
				GCC_WARN_ABOUT_RETURN_TYPE = YES_ERROR;
				GCC_WARN_UNDECLARED_SELECTOR = YES;
				GCC_WARN_UNINITIALIZED_AUTOS = YES_AGGRESSIVE;
				GCC_WARN_UNUSED_FUNCTION = YES;
				GCC_WARN_UNUSED_VARIABLE = YES;
				MACOSX_DEPLOYMENT_TARGET = 10.12;
				MTL_ENABLE_DEBUG_INFO = YES;
				ONLY_ACTIVE_ARCH = YES;
				SDKROOT = macosx;
			};
			name = Debug;
		};
		BB67FA001FB5867200AD0CC4 /* Release */ = {
			isa = XCBuildConfiguration;
			buildSettings = {
				ALWAYS_SEARCH_USER_PATHS = NO;
				CLANG_ANALYZER_NONNULL = YES;
				CLANG_ANALYZER_NUMBER_OBJECT_CONVERSION = YES_AGGRESSIVE;
				CLANG_CXX_LANGUAGE_STANDARD = "gnu++14";
				CLANG_CXX_LIBRARY = "libc++";
				CLANG_ENABLE_MODULES = YES;
				CLANG_ENABLE_OBJC_ARC = YES;
				CLANG_WARN_BLOCK_CAPTURE_AUTORELEASING = YES;
				CLANG_WARN_BOOL_CONVERSION = YES;
				CLANG_WARN_COMMA = YES;
				CLANG_WARN_CONSTANT_CONVERSION = YES;
				CLANG_WARN_DIRECT_OBJC_ISA_USAGE = YES_ERROR;
				CLANG_WARN_DOCUMENTATION_COMMENTS = YES;
				CLANG_WARN_EMPTY_BODY = YES;
				CLANG_WARN_ENUM_CONVERSION = YES;
				CLANG_WARN_INFINITE_RECURSION = YES;
				CLANG_WARN_INT_CONVERSION = YES;
				CLANG_WARN_NON_LITERAL_NULL_CONVERSION = YES;
				CLANG_WARN_OBJC_LITERAL_CONVERSION = YES;
				CLANG_WARN_OBJC_ROOT_CLASS = YES_ERROR;
				CLANG_WARN_RANGE_LOOP_ANALYSIS = YES;
				CLANG_WARN_STRICT_PROTOTYPES = YES;
				CLANG_WARN_SUSPICIOUS_MOVE = YES;
				CLANG_WARN_UNGUARDED_AVAILABILITY = YES_AGGRESSIVE;
				CLANG_WARN_UNREACHABLE_CODE = YES;
				CLANG_WARN__DUPLICATE_METHOD_MATCH = YES;
				CODE_SIGN_IDENTITY = "-";
				COPY_PHASE_STRIP = NO;
				DEBUG_INFORMATION_FORMAT = "dwarf-with-dsym";
				ENABLE_NS_ASSERTIONS = NO;
				ENABLE_STRICT_OBJC_MSGSEND = YES;
				GCC_C_LANGUAGE_STANDARD = gnu11;
				GCC_NO_COMMON_BLOCKS = YES;
				GCC_WARN_64_TO_32_BIT_CONVERSION = YES;
				GCC_WARN_ABOUT_RETURN_TYPE = YES_ERROR;
				GCC_WARN_UNDECLARED_SELECTOR = YES;
				GCC_WARN_UNINITIALIZED_AUTOS = YES_AGGRESSIVE;
				GCC_WARN_UNUSED_FUNCTION = YES;
				GCC_WARN_UNUSED_VARIABLE = YES;
				MACOSX_DEPLOYMENT_TARGET = 10.12;
				MTL_ENABLE_DEBUG_INFO = NO;
				SDKROOT = macosx;
			};
			name = Release;
		};
		BB67FA021FB5867200AD0CC4 /* Debug */ = {
			isa = XCBuildConfiguration;
			buildSettings = {
				CODE_SIGN_STYLE = Automatic;
				PRODUCT_NAME = "$(TARGET_NAME)";
			};
			name = Debug;
		};
		BB67FA031FB5867200AD0CC4 /* Release */ = {
			isa = XCBuildConfiguration;
			buildSettings = {
				CODE_SIGN_STYLE = Automatic;
				PRODUCT_NAME = "$(TARGET_NAME)";
			};
			name = Release;
		};
/* End XCBuildConfiguration section */

/* Begin XCConfigurationList section */
		BB67F9F51FB5867100AD0CC4 /* Build configuration list for PBXProject "pointers" */ = {
			isa = XCConfigurationList;
			buildConfigurations = (
				BB67F9FF1FB5867200AD0CC4 /* Debug */,
				BB67FA001FB5867200AD0CC4 /* Release */,
			);
			defaultConfigurationIsVisible = 0;
			defaultConfigurationName = Release;
		};
		BB67FA011FB5867200AD0CC4 /* Build configuration list for PBXNativeTarget "pointers" */ = {
			isa = XCConfigurationList;
			buildConfigurations = (
				BB67FA021FB5867200AD0CC4 /* Debug */,
				BB67FA031FB5867200AD0CC4 /* Release */,
			);
			defaultConfigurationIsVisible = 0;
			defaultConfigurationName = Release;
		};
/* End XCConfigurationList section */
	};
	rootObject = BB67F9F21FB5867100AD0CC4 /* Project object */;
}
